
Microsoft Visual Studio Solution File, Format Version 12.00
# Visual Studio 15
VisualStudioVersion = 15.0.27428.2043
MinimumVisualStudioVersion = 10.0.40219.1
Project("{FAE04EC0-301F-11D3-BF4B-00C04F79EFBC}") = "SimpleModeFactoryOfGraph", "SimpleModeFactoryOfGraph\SimpleModeFactoryOfGraph.csproj", "{56C6C407-A883-494E-9A7A-A5566FF66790}"
EndProject
Global
	GlobalSection(SolutionConfigurationPlatforms) = preSolution
		Debug|Any CPU = Debug|Any CPU
		Release|Any CPU = Release|Any CPU
	EndGlobalSection
	GlobalSection(ProjectConfigurationPlatforms) = postSolution
		{56C6C407-A883-494E-9A7A-A5566FF66790}.Debug|Any CPU.ActiveCfg = Debug|Any CPU
		{56C6C407-A883-494E-9A7A-A5566FF66790}.Debug|Any CPU.Build.0 = Debug|Any CPU
		{56C6C407-A883-494E-9A7A-A5566FF66790}.Release|Any CPU.ActiveCfg = Release|Any CPU
		{56C6C407-A883-494E-9A7A-A5566FF66790}.Release|Any CPU.Build.0 = Release|Any CPU
	EndGlobalSection
	GlobalSection(SolutionProperties) = preSolution
		HideSolutionNode = FALSE
	EndGlobalSection
	GlobalSection(ExtensibilityGlobals) = postSolution
		SolutionGuid = {568EC09C-F77A-4853-9BD5-3C66C7AB2A22}
	EndGlobalSection
EndGlobal
