
Microsoft Visual Studio Solution File, Format Version 12.00
# Visual Studio 15
VisualStudioVersion = 15.0.27428.2043
MinimumVisualStudioVersion = 10.0.40219.1
Project("{FAE04EC0-301F-11D3-BF4B-00C04F79EFBC}") = "M_OrderProgram", "M_OrderProgram\M_OrderProgram.csproj", "{8412558A-D043-42A3-A424-6DF7D11341AA}"
EndProject
Project("{FAE04EC0-301F-11D3-BF4B-00C04F79EFBC}") = "M_OrderGUI", "M_OrderGUI\M_OrderGUI.csproj", "{2ECF7273-338F-4095-B377-2153E576BBE5}"
EndProject
Global
	GlobalSection(SolutionConfigurationPlatforms) = preSolution
		Debug|Any CPU = Debug|Any CPU
		Release|Any CPU = Release|Any CPU
	EndGlobalSection
	GlobalSection(ProjectConfigurationPlatforms) = postSolution
		{8412558A-D043-42A3-A424-6DF7D11341AA}.Debug|Any CPU.ActiveCfg = Debug|Any CPU
		{8412558A-D043-42A3-A424-6DF7D11341AA}.Debug|Any CPU.Build.0 = Debug|Any CPU
		{8412558A-D043-42A3-A424-6DF7D11341AA}.Release|Any CPU.ActiveCfg = Release|Any CPU
		{8412558A-D043-42A3-A424-6DF7D11341AA}.Release|Any CPU.Build.0 = Release|Any CPU
		{2ECF7273-338F-4095-B377-2153E576BBE5}.Debug|Any CPU.ActiveCfg = Debug|Any CPU
		{2ECF7273-338F-4095-B377-2153E576BBE5}.Debug|Any CPU.Build.0 = Debug|Any CPU
		{2ECF7273-338F-4095-B377-2153E576BBE5}.Release|Any CPU.ActiveCfg = Release|Any CPU
		{2ECF7273-338F-4095-B377-2153E576BBE5}.Release|Any CPU.Build.0 = Release|Any CPU
	EndGlobalSection
	GlobalSection(SolutionProperties) = preSolution
		HideSolutionNode = FALSE
	EndGlobalSection
	GlobalSection(ExtensibilityGlobals) = postSolution
		SolutionGuid = {B09AF717-02E4-4F19-BAC0-2B0B3322F8B0}
	EndGlobalSection
EndGlobal
